
Microsoft Visual Studio Solution File, Format Version 12.00
# Visual Studio Version 17
VisualStudioVersion = 17.12.35527.113 d17.12
MinimumVisualStudioVersion = 10.0.40219.1
Project("{FAE04EC0-301F-11D3-BF4B-00C04F79EFBC}") = "TelerikPreviewPoC", "TelerikPreviewPoC.csproj", "{FE36E5B5-61E7-408B-915B-179B09626A07}"
EndProject
Global
	GlobalSection(SolutionConfigurationPlatforms) = preSolution
		Debug|Any CPU = Debug|Any CPU
		Release|Any CPU = Release|Any CPU
	EndGlobalSection
	GlobalSection(ProjectConfigurationPlatforms) = postSolution
		{FE36E5B5-61E7-408B-915B-179B09626A07}.Debug|Any CPU.ActiveCfg = Debug|Any CPU
		{FE36E5B5-61E7-408B-915B-179B09626A07}.Debug|Any CPU.Build.0 = Debug|Any CPU
		{FE36E5B5-61E7-408B-915B-179B09626A07}.Release|Any CPU.ActiveCfg = Release|Any CPU
		{FE36E5B5-61E7-408B-915B-179B09626A07}.Release|Any CPU.Build.0 = Release|Any CPU
	EndGlobalSection
	GlobalSection(SolutionProperties) = preSolution
		HideSolutionNode = FALSE
	EndGlobalSection
EndGlobal
