
Microsoft Visual Studio Solution File, Format Version 12.00
# Visual Studio Version 17
VisualStudioVersion = 17.8.34330.188
MinimumVisualStudioVersion = 10.0.40219.1
Project("{FAE04EC0-301F-11D3-BF4B-00C04F79EFBC}") = "ForkTest", "ForkTest.csproj", "{B397FC2E-05C8-44BA-A2A5-9990B508CFA3}"
EndProject
Global
	GlobalSection(SolutionConfigurationPlatforms) = preSolution
		Debug|Any CPU = Debug|Any CPU
		Release|Any CPU = Release|Any CPU
	EndGlobalSection
	GlobalSection(ProjectConfigurationPlatforms) = postSolution
		{B397FC2E-05C8-44BA-A2A5-9990B508CFA3}.Debug|Any CPU.ActiveCfg = Debug|Any CPU
		{B397FC2E-05C8-44BA-A2A5-9990B508CFA3}.Debug|Any CPU.Build.0 = Debug|Any CPU
		{B397FC2E-05C8-44BA-A2A5-9990B508CFA3}.Release|Any CPU.ActiveCfg = Release|Any CPU
		{B397FC2E-05C8-44BA-A2A5-9990B508CFA3}.Release|Any CPU.Build.0 = Release|Any CPU
	EndGlobalSection
	GlobalSection(SolutionProperties) = preSolution
		HideSolutionNode = FALSE
	EndGlobalSection
	GlobalSection(ExtensibilityGlobals) = postSolution
		SolutionGuid = {DCD3D24F-71E4-4D96-83B4-7CDF594DA07E}
	EndGlobalSection
EndGlobal
